
Microsoft Visual Studio Solution File, Format Version 12.00
# Visual Studio 15
Project("{FAE04EC0-301F-11D3-BF4B-00C04F79EFBC}") = "Section01", "Section01\Section01.csproj", "{2F5B72E9-259E-4CF1-8E27-1BE40622C880}"
EndProject
Global
	GlobalSection(SolutionConfigurationPlatforms) = preSolution
		Debug|anycpu = Debug|anycpu
		Release|anycpu = Release|anycpu
	EndGlobalSection
	GlobalSection(ProjectConfigurationPlatforms) = postSolution
		{2F5B72E9-259E-4CF1-8E27-1BE40622C880}.Debug|anycpu.ActiveCfg = Debug|anycpu
		{2F5B72E9-259E-4CF1-8E27-1BE40622C880}.Debug|anycpu.Build.0 = Debug|anycpu
		{2F5B72E9-259E-4CF1-8E27-1BE40622C880}.Release|anycpu.ActiveCfg = Release|anycpu
		{2F5B72E9-259E-4CF1-8E27-1BE40622C880}.Release|anycpu.Build.0 = Release|anycpu
	EndGlobalSection
EndGlobal
